<?xml version="1.0" encoding="UTF-8"?>
<!DOCTYPE plist PUBLIC "-//Apple//DTD PLIST 1.0//EN" "http://www.apple.com/DTDs/PropertyList-1.0.dtd">
<plist version="1.0">
<dict>
	<key>archiveVersion</key>
	<string>1</string>
	<key>classes</key>
	<dict/>
	<key>objectVersion</key>
	<string>46</string>
	<key>objects</key>
	<dict>
		<key>0BF9BF0CB0356F072A39732A</key>
		<dict>
			<key>children</key>
			<array>
				<string>5DC58708FCC28F955F2B0557</string>
				<string>24D6E66BBE376BCD60E12D5D</string>
			</array>
			<key>isa</key>
			<string>PBXGroup</string>
			<key>name</key>
			<string>Pods</string>
			<key>sourceTree</key>
			<string>&lt;group&gt;</string>
		</dict>
		<key>15BB6A088EF81CE2FFE35A8C</key>
		<dict>
			<key>buildActionMask</key>
			<string>2147483647</string>
			<key>files</key>
			<array/>
			<key>inputPaths</key>
			<array/>
			<key>isa</key>
			<string>PBXShellScriptBuildPhase</string>
			<key>name</key>
			<string>Embed Pods Frameworks</string>
			<key>outputPaths</key>
			<array/>
			<key>runOnlyForDeploymentPostprocessing</key>
			<string>0</string>
			<key>shellPath</key>
			<string>/bin/sh</string>
			<key>shellScript</key>
			<string>"${SRCROOT}/Pods/Target Support Files/Pods/Pods-frameworks.sh"
</string>
			<key>showEnvVarsInLog</key>
			<string>0</string>
		</dict>
		<key>18FFDFA93389AD3A7A73F12D</key>
		<dict>
			<key>explicitFileType</key>
			<string>wrapper.framework</string>
			<key>includeInIndex</key>
			<string>0</string>
			<key>isa</key>
			<string>PBXFileReference</string>
			<key>path</key>
			<string>Pods.framework</string>
			<key>sourceTree</key>
			<string>BUILT_PRODUCTS_DIR</string>
		</dict>
		<key>24D6E66BBE376BCD60E12D5D</key>
		<dict>
			<key>includeInIndex</key>
			<string>1</string>
			<key>isa</key>
			<string>PBXFileReference</string>
			<key>lastKnownFileType</key>
			<string>text.xcconfig</string>
			<key>name</key>
			<string>Pods.release.xcconfig</string>
			<key>path</key>
			<string>Pods/Target Support Files/Pods/Pods.release.xcconfig</string>
			<key>sourceTree</key>
			<string>&lt;group&gt;</string>
		</dict>
		<key>5DC58708FCC28F955F2B0557</key>
		<dict>
			<key>includeInIndex</key>
			<string>1</string>
			<key>isa</key>
			<string>PBXFileReference</string>
			<key>lastKnownFileType</key>
			<string>text.xcconfig</string>
			<key>name</key>
			<string>Pods.debug.xcconfig</string>
			<key>path</key>
			<string>Pods/Target Support Files/Pods/Pods.debug.xcconfig</string>
			<key>sourceTree</key>
			<string>&lt;group&gt;</string>
		</dict>
		<key>9CF803516070AF259BB53102</key>
		<dict>
			<key>buildActionMask</key>
			<string>2147483647</string>
			<key>files</key>
			<array/>
			<key>inputPaths</key>
			<array/>
			<key>isa</key>
			<string>PBXShellScriptBuildPhase</string>
			<key>name</key>
			<string>Copy Pods Resources</string>
			<key>outputPaths</key>
			<array/>
			<key>runOnlyForDeploymentPostprocessing</key>
			<string>0</string>
			<key>shellPath</key>
			<string>/bin/sh</string>
			<key>shellScript</key>
			<string>"${SRCROOT}/Pods/Target Support Files/Pods/Pods-resources.sh"
</string>
			<key>showEnvVarsInLog</key>
			<string>0</string>
		</dict>
		<key>CF9417478A525573AB21FCCE</key>
		<dict>
			<key>fileRef</key>
			<string>18FFDFA93389AD3A7A73F12D</string>
			<key>isa</key>
			<string>PBXBuildFile</string>
		</dict>
		<key>DC9E928D6454F1E2E2FF9E08</key>
		<dict>
			<key>children</key>
			<array>
				<string>18FFDFA93389AD3A7A73F12D</string>
			</array>
			<key>isa</key>
			<string>PBXGroup</string>
			<key>name</key>
			<string>Frameworks</string>
			<key>sourceTree</key>
			<string>&lt;group&gt;</string>
		</dict>
		<key>E5299550EE73E371AFE2ADB3</key>
		<dict>
			<key>buildActionMask</key>
			<string>2147483647</string>
			<key>files</key>
			<array/>
			<key>inputPaths</key>
			<array/>
			<key>isa</key>
			<string>PBXShellScriptBuildPhase</string>
			<key>name</key>
			<string>Check Pods Manifest.lock</string>
			<key>outputPaths</key>
			<array/>
			<key>runOnlyForDeploymentPostprocessing</key>
			<string>0</string>
			<key>shellPath</key>
			<string>/bin/sh</string>
			<key>shellScript</key>
			<string>diff "${PODS_ROOT}/../Podfile.lock" "${PODS_ROOT}/Manifest.lock" &gt; /dev/null
if [[ $? != 0 ]] ; then
    cat &lt;&lt; EOM
error: The sandbox is not in sync with the Podfile.lock. Run 'pod install' or update your CocoaPods installation.
EOM
    exit 1
fi
</string>
			<key>showEnvVarsInLog</key>
			<string>0</string>
		</dict>
		<key>FA02C5C21CC72B4800C79B40</key>
		<dict>
			<key>fileEncoding</key>
			<string>4</string>
			<key>isa</key>
			<string>PBXFileReference</string>
			<key>lastKnownFileType</key>
			<string>sourcecode.swift</string>
			<key>path</key>
			<string>videoObject.swift</string>
			<key>sourceTree</key>
			<string>&lt;group&gt;</string>
		</dict>
		<key>FA02C5C31CC72B4800C79B40</key>
		<dict>
			<key>fileRef</key>
			<string>FA02C5C21CC72B4800C79B40</string>
			<key>isa</key>
			<string>PBXBuildFile</string>
		</dict>
		<key>FA02C5C41CC7349000C79B40</key>
		<dict>
			<key>fileEncoding</key>
			<string>4</string>
			<key>isa</key>
			<string>PBXFileReference</string>
			<key>lastKnownFileType</key>
			<string>sourcecode.swift</string>
			<key>path</key>
			<string>customCell.swift</string>
			<key>sourceTree</key>
			<string>&lt;group&gt;</string>
		</dict>
		<key>FA02C5C51CC7349000C79B40</key>
		<dict>
			<key>fileRef</key>
			<string>FA02C5C41CC7349000C79B40</string>
			<key>isa</key>
			<string>PBXBuildFile</string>
		</dict>
		<key>FA02C5CA1CC793EA00C79B40</key>
		<dict>
			<key>fileEncoding</key>
			<string>4</string>
			<key>isa</key>
			<string>PBXFileReference</string>
			<key>lastKnownFileType</key>
			<string>file.xib</string>
			<key>path</key>
			<string>customView.xib</string>
			<key>sourceTree</key>
			<string>&lt;group&gt;</string>
		</dict>
		<key>FA02C5CB1CC793EA00C79B40</key>
		<dict>
			<key>fileRef</key>
			<string>FA02C5CA1CC793EA00C79B40</string>
			<key>isa</key>
			<string>PBXBuildFile</string>
		</dict>
		<key>FA02C5CC1CC7946400C79B40</key>
		<dict>
			<key>fileEncoding</key>
			<string>4</string>
			<key>isa</key>
			<string>PBXFileReference</string>
			<key>lastKnownFileType</key>
			<string>sourcecode.swift</string>
			<key>path</key>
			<string>customView.swift</string>
			<key>sourceTree</key>
			<string>&lt;group&gt;</string>
		</dict>
		<key>FA02C5CD1CC7946400C79B40</key>
		<dict>
			<key>fileRef</key>
			<string>FA02C5CC1CC7946400C79B40</string>
			<key>isa</key>
			<string>PBXBuildFile</string>
		</dict>
		<key>FA02C5CE1CC8AEB300C79B40</key>
		<dict>
			<key>fileEncoding</key>
			<string>4</string>
			<key>isa</key>
			<string>PBXFileReference</string>
			<key>lastKnownFileType</key>
			<string>sourcecode.swift</string>
			<key>path</key>
			<string>TermViewController.swift</string>
			<key>sourceTree</key>
			<string>&lt;group&gt;</string>
		</dict>
		<key>FA02C5CF1CC8AEB300C79B40</key>
		<dict>
			<key>fileRef</key>
			<string>FA02C5CE1CC8AEB300C79B40</string>
			<key>isa</key>
			<string>PBXBuildFile</string>
		</dict>
		<key>FA02C5D01CC8B8FA00C79B40</key>
		<dict>
			<key>fileEncoding</key>
			<string>4</string>
			<key>isa</key>
			<string>PBXFileReference</string>
			<key>lastKnownFileType</key>
			<string>sourcecode.swift</string>
			<key>path</key>
			<string>DisclaimerViewController.swift</string>
			<key>sourceTree</key>
			<string>&lt;group&gt;</string>
		</dict>
		<key>FA02C5D11CC8B8FA00C79B40</key>
		<dict>
			<key>fileRef</key>
			<string>FA02C5D01CC8B8FA00C79B40</string>
			<key>isa</key>
			<string>PBXBuildFile</string>
		</dict>
		<key>FA02C5D21CC8B90B00C79B40</key>
		<dict>
			<key>fileEncoding</key>
			<string>4</string>
			<key>isa</key>
			<string>PBXFileReference</string>
			<key>lastKnownFileType</key>
			<string>sourcecode.swift</string>
			<key>path</key>
			<string>ContactViewController.swift</string>
			<key>sourceTree</key>
			<string>&lt;group&gt;</string>
		</dict>
		<key>FA02C5D31CC8B90B00C79B40</key>
		<dict>
			<key>fileRef</key>
			<string>FA02C5D21CC8B90B00C79B40</string>
			<key>isa</key>
			<string>PBXBuildFile</string>
		</dict>
		<key>FA02C6121CC8F2BD00C79B40</key>
		<dict>
			<key>fileEncoding</key>
			<string>4</string>
			<key>isa</key>
			<string>PBXFileReference</string>
			<key>lastKnownFileType</key>
			<string>sourcecode.swift</string>
			<key>path</key>
			<string>vcCategory.swift</string>
			<key>sourceTree</key>
			<string>&lt;group&gt;</string>
		</dict>
		<key>FA02C6131CC8F2BD00C79B40</key>
		<dict>
			<key>fileRef</key>
			<string>FA02C6121CC8F2BD00C79B40</string>
			<key>isa</key>
			<string>PBXBuildFile</string>
		</dict>
		<key>FA031E6C1CC0C5BC00275D30</key>
		<dict>
			<key>isa</key>
			<string>PBXFileReference</string>
			<key>lastKnownFileType</key>
			<string>image.png</string>
			<key>path</key>
			<string>line_vertical.png</string>
			<key>sourceTree</key>
			<string>&lt;group&gt;</string>
		</dict>
		<key>FA031E6D1CC0C5BC00275D30</key>
		<dict>
			<key>fileRef</key>
			<string>FA031E6C1CC0C5BC00275D30</string>
			<key>isa</key>
			<string>PBXBuildFile</string>
		</dict>
		<key>FA031E701CC0C93E00275D30</key>
		<dict>
			<key>isa</key>
			<string>PBXFileReference</string>
			<key>lastKnownFileType</key>
			<string>image.png</string>
			<key>path</key>
			<string>film_black.png</string>
			<key>sourceTree</key>
			<string>&lt;group&gt;</string>
		</dict>
		<key>FA031E711CC0C93E00275D30</key>
		<dict>
			<key>fileRef</key>
			<string>FA031E701CC0C93E00275D30</string>
			<key>isa</key>
			<string>PBXBuildFile</string>
		</dict>
		<key>FA031E721CC0E4B300275D30</key>
		<dict>
			<key>isa</key>
			<string>PBXFileReference</string>
			<key>lastKnownFileType</key>
			<string>image.jpeg</string>
			<key>path</key>
			<string>insideout.jpg</string>
			<key>sourceTree</key>
			<string>&lt;group&gt;</string>
		</dict>
		<key>FA031E731CC0E4B300275D30</key>
		<dict>
			<key>fileRef</key>
			<string>FA031E721CC0E4B300275D30</string>
			<key>isa</key>
			<string>PBXBuildFile</string>
		</dict>
		<key>FA04DAE61CD1E3EC002C23BC</key>
		<dict>
			<key>buildActionMask</key>
			<string>2147483647</string>
			<key>dstPath</key>
			<string></string>
			<key>dstSubfolderSpec</key>
			<string>13</string>
			<key>files</key>
			<array/>
			<key>isa</key>
			<string>PBXCopyFilesBuildPhase</string>
			<key>name</key>
			<string>Embed App Extensions</string>
			<key>runOnlyForDeploymentPostprocessing</key>
			<string>0</string>
		</dict>
		<key>FA08425A1CB76DD1006C68FE</key>
		<dict>
			<key>isa</key>
			<string>PBXFileReference</string>
			<key>lastKnownFileType</key>
			<string>image.png</string>
			<key>path</key>
			<string>film_light3.png</string>
			<key>sourceTree</key>
			<string>&lt;group&gt;</string>
		</dict>
		<key>FA08425B1CB76DD1006C68FE</key>
		<dict>
			<key>fileRef</key>
			<string>FA08425A1CB76DD1006C68FE</string>
			<key>isa</key>
			<string>PBXBuildFile</string>
		</dict>
		<key>FA08425C1CB7B3E8006C68FE</key>
		<dict>
			<key>isa</key>
			<string>PBXFileReference</string>
			<key>lastKnownFileType</key>
			<string>image.png</string>
			<key>path</key>
			<string>bg_conner.png</string>
			<key>sourceTree</key>
			<string>&lt;group&gt;</string>
		</dict>
		<key>FA08425D1CB7B3E8006C68FE</key>
		<dict>
			<key>fileRef</key>
			<string>FA08425C1CB7B3E8006C68FE</string>
			<key>isa</key>
			<string>PBXBuildFile</string>
		</dict>
		<key>FA08425E1CB7BAB3006C68FE</key>
		<dict>
			<key>isa</key>
			<string>PBXFileReference</string>
			<key>lastKnownFileType</key>
			<string>image.png</string>
			<key>path</key>
			<string>line1.png</string>
			<key>sourceTree</key>
			<string>&lt;group&gt;</string>
		</dict>
		<key>FA08425F1CB7BAB3006C68FE</key>
		<dict>
			<key>fileRef</key>
			<string>FA08425E1CB7BAB3006C68FE</string>
			<key>isa</key>
			<string>PBXBuildFile</string>
		</dict>
		<key>FA1951281CCF1EC6007D734E</key>
		<dict>
			<key>children</key>
			<array>
				<string>FA19C2FC1CB6618600DDB49B</string>
				<string>FA19C2F81CB65C4100DDB49B</string>
				<string>FA19C2F91CB65C4100DDB49B</string>
				<string>FA5F0D631CBE54D0007FE99F</string>
				<string>FA031E6C1CC0C5BC00275D30</string>
				<string>FA08425E1CB7BAB3006C68FE</string>
				<string>FA19C30A1CB67AE400DDB49B</string>
				<string>FA08425C1CB7B3E8006C68FE</string>
				<string>FA19C3041CB6797500DDB49B</string>
				<string>FA19C3081CB67A5900DDB49B</string>
				<string>FA031E701CC0C93E00275D30</string>
				<string>FA19C3021CB6735200DDB49B</string>
				<string>FA08425A1CB76DD1006C68FE</string>
				<string>FAFFE47A1CC61717004C8FE6</string>
				<string>FAFFE4741CC60B48004C8FE6</string>
				<string>FAFFE4751CC60B48004C8FE6</string>
				<string>FAFFE4761CC60B48004C8FE6</string>
				<string>FA031E721CC0E4B300275D30</string>
				<string>FAFFE4701CC60820004C8FE6</string>
				<string>FAFFE4711CC60820004C8FE6</string>
			</array>
			<key>isa</key>
			<string>PBXGroup</string>
			<key>name</key>
			<string>resources</string>
			<key>sourceTree</key>
			<string>&lt;group&gt;</string>
		</dict>
		<key>FA1951291CCF1F00007D734E</key>
		<dict>
			<key>children</key>
			<array/>
			<key>isa</key>
			<string>PBXGroup</string>
			<key>name</key>
			<string>fonts</string>
			<key>sourceTree</key>
			<string>&lt;group&gt;</string>
		</dict>
		<key>FA19512A1CCF1FB6007D734E</key>
		<dict>
			<key>fileEncoding</key>
			<string>4</string>
			<key>isa</key>
			<string>PBXFileReference</string>
			<key>lastKnownFileType</key>
			<string>sourcecode.swift</string>
			<key>path</key>
			<string>vcSignup.swift</string>
			<key>sourceTree</key>
			<string>&lt;group&gt;</string>
		</dict>
		<key>FA19512B1CCF1FB6007D734E</key>
		<dict>
			<key>fileRef</key>
			<string>FA19512A1CCF1FB6007D734E</string>
			<key>isa</key>
			<string>PBXBuildFile</string>
		</dict>
		<key>FA19C2F61CB657B700DDB49B</key>
		<dict>
			<key>fileRef</key>
			<string>FA2236EB1CB6527400737D60</string>
			<key>isa</key>
			<string>PBXBuildFile</string>
		</dict>
		<key>FA19C2F71CB657B700DDB49B</key>
		<dict>
			<key>fileRef</key>
			<string>FA2236EC1CB6527A00737D60</string>
			<key>isa</key>
			<string>PBXBuildFile</string>
		</dict>
		<key>FA19C2F81CB65C4100DDB49B</key>
		<dict>
			<key>isa</key>
			<string>PBXFileReference</string>
			<key>lastKnownFileType</key>
			<string>image.png</string>
			<key>path</key>
			<string>player_black.png</string>
			<key>sourceTree</key>
			<string>&lt;group&gt;</string>
		</dict>
		<key>FA19C2F91CB65C4100DDB49B</key>
		<dict>
			<key>isa</key>
			<string>PBXFileReference</string>
			<key>lastKnownFileType</key>
			<string>image.png</string>
			<key>path</key>
			<string>player_white.png</string>
			<key>sourceTree</key>
			<string>&lt;group&gt;</string>
		</dict>
		<key>FA19C2FA1CB65C4100DDB49B</key>
		<dict>
			<key>fileRef</key>
			<string>FA19C2F81CB65C4100DDB49B</string>
			<key>isa</key>
			<string>PBXBuildFile</string>
		</dict>
		<key>FA19C2FB1CB65C4100DDB49B</key>
		<dict>
			<key>fileRef</key>
			<string>FA19C2F91CB65C4100DDB49B</string>
			<key>isa</key>
			<string>PBXBuildFile</string>
		</dict>
		<key>FA19C2FC1CB6618600DDB49B</key>
		<dict>
			<key>isa</key>
			<string>PBXFileReference</string>
			<key>lastKnownFileType</key>
			<string>image.png</string>
			<key>path</key>
			<string>multimedia_line.png</string>
			<key>sourceTree</key>
			<string>&lt;group&gt;</string>
		</dict>
		<key>FA19C2FD1CB6618600DDB49B</key>
		<dict>
			<key>fileRef</key>
			<string>FA19C2FC1CB6618600DDB49B</string>
			<key>isa</key>
			<string>PBXBuildFile</string>
		</dict>
		<key>FA19C3021CB6735200DDB49B</key>
		<dict>
			<key>isa</key>
			<string>PBXFileReference</string>
			<key>lastKnownFileType</key>
			<string>image.png</string>
			<key>path</key>
			<string>film_light.png</string>
			<key>sourceTree</key>
			<string>&lt;group&gt;</string>
		</dict>
		<key>FA19C3031CB6735200DDB49B</key>
		<dict>
			<key>fileRef</key>
			<string>FA19C3021CB6735200DDB49B</string>
			<key>isa</key>
			<string>PBXBuildFile</string>
		</dict>
		<key>FA19C3041CB6797500DDB49B</key>
		<dict>
			<key>isa</key>
			<string>PBXFileReference</string>
			<key>lastKnownFileType</key>
			<string>image.png</string>
			<key>path</key>
			<string>facebook.png</string>
			<key>sourceTree</key>
			<string>&lt;group&gt;</string>
		</dict>
		<key>FA19C3051CB6797500DDB49B</key>
		<dict>
			<key>fileRef</key>
			<string>FA19C3041CB6797500DDB49B</string>
			<key>isa</key>
			<string>PBXBuildFile</string>
		</dict>
		<key>FA19C3081CB67A5900DDB49B</key>
		<dict>
			<key>isa</key>
			<string>PBXFileReference</string>
			<key>lastKnownFileType</key>
			<string>image.png</string>
			<key>path</key>
			<string>facebook(big).png</string>
			<key>sourceTree</key>
			<string>&lt;group&gt;</string>
		</dict>
		<key>FA19C3091CB67A5900DDB49B</key>
		<dict>
			<key>fileRef</key>
			<string>FA19C3081CB67A5900DDB49B</string>
			<key>isa</key>
			<string>PBXBuildFile</string>
		</dict>
		<key>FA19C30A1CB67AE400DDB49B</key>
		<dict>
			<key>isa</key>
			<string>PBXFileReference</string>
			<key>lastKnownFileType</key>
			<string>image.png</string>
			<key>path</key>
			<string>mail(big).png</string>
			<key>sourceTree</key>
			<string>&lt;group&gt;</string>
		</dict>
		<key>FA19C30B1CB67AE400DDB49B</key>
		<dict>
			<key>fileRef</key>
			<string>FA19C30A1CB67AE400DDB49B</string>
			<key>isa</key>
			<string>PBXBuildFile</string>
		</dict>
		<key>FA2236CA1CB6510500737D60</key>
		<dict>
			<key>children</key>
			<array>
				<string>FA4738B21CC4C2D9009E2FB0</string>
				<string>FA2236D51CB6510500737D60</string>
				<string>FA2236D41CB6510500737D60</string>
				<string>0BF9BF0CB0356F072A39732A</string>
				<string>DC9E928D6454F1E2E2FF9E08</string>
			</array>
			<key>isa</key>
			<string>PBXGroup</string>
			<key>sourceTree</key>
			<string>&lt;group&gt;</string>
		</dict>
		<key>FA2236CB1CB6510500737D60</key>
		<dict>
			<key>attributes</key>
			<dict>
				<key>LastSwiftUpdateCheck</key>
				<string>0730</string>
				<key>LastUpgradeCheck</key>
				<string>0730</string>
				<key>ORGANIZATIONNAME</key>
				<string>magic</string>
				<key>TargetAttributes</key>
				<dict>
					<key>FA2236D21CB6510500737D60</key>
					<dict>
						<key>CreatedOnToolsVersion</key>
						<string>7.3</string>
						<key>DevelopmentTeam</key>
						<string>7M6GU7U43A</string>
					</dict>
				</dict>
			</dict>
			<key>buildConfigurationList</key>
			<string>FA2236CE1CB6510500737D60</string>
			<key>compatibilityVersion</key>
			<string>Xcode 3.2</string>
			<key>developmentRegion</key>
			<string>English</string>
			<key>hasScannedForEncodings</key>
			<string>0</string>
			<key>isa</key>
			<string>PBXProject</string>
			<key>knownRegions</key>
			<array>
				<string>en</string>
				<string>Base</string>
			</array>
			<key>mainGroup</key>
			<string>FA2236CA1CB6510500737D60</string>
			<key>productRefGroup</key>
			<string>FA2236D41CB6510500737D60</string>
			<key>projectDirPath</key>
			<string></string>
			<key>projectReferences</key>
			<array/>
			<key>projectRoot</key>
			<string></string>
			<key>targets</key>
			<array>
				<string>FA2236D21CB6510500737D60</string>
			</array>
		</dict>
		<key>FA2236CE1CB6510500737D60</key>
		<dict>
			<key>buildConfigurations</key>
			<array>
				<string>FA2236E61CB6510500737D60</string>
				<string>FA2236E71CB6510500737D60</string>
			</array>
			<key>defaultConfigurationIsVisible</key>
			<string>0</string>
			<key>defaultConfigurationName</key>
			<string>Release</string>
			<key>isa</key>
			<string>XCConfigurationList</string>
		</dict>
		<key>FA2236CF1CB6510500737D60</key>
		<dict>
			<key>buildActionMask</key>
			<string>2147483647</string>
			<key>files</key>
			<array>
				<string>FA2236D91CB6510500737D60</string>
				<string>FA02C5CF1CC8AEB300C79B40</string>
				<string>FA02C5D31CC8B90B00C79B40</string>
				<string>FAFFE49D1CC6324F004C8FE6</string>
				<string>FA02C6131CC8F2BD00C79B40</string>
				<string>FA02C5C31CC72B4800C79B40</string>
				<string>FA4738B51CC4C318009E2FB0</string>
				<string>FA02C5D11CC8B8FA00C79B40</string>
				<string>FAFFE49B1CC624F7004C8FE6</string>
				<string>FA19512B1CCF1FB6007D734E</string>
				<string>FA02C5CD1CC7946400C79B40</string>
				<string>FA2236DF1CB6510500737D60</string>
				<string>FA4BF9151CC6844100E8B4C4</string>
				<string>FA2236D71CB6510500737D60</string>
				<string>FA02C5C51CC7349000C79B40</string>
			</array>
			<key>isa</key>
			<string>PBXSourcesBuildPhase</string>
			<key>runOnlyForDeploymentPostprocessing</key>
			<string>0</string>
		</dict>
		<key>FA2236D01CB6510500737D60</key>
		<dict>
			<key>buildActionMask</key>
			<string>2147483647</string>
			<key>files</key>
			<array>
				<string>CF9417478A525573AB21FCCE</string>
			</array>
			<key>isa</key>
			<string>PBXFrameworksBuildPhase</string>
			<key>runOnlyForDeploymentPostprocessing</key>
			<string>0</string>
		</dict>
		<key>FA2236D11CB6510500737D60</key>
		<dict>
			<key>buildActionMask</key>
			<string>2147483647</string>
			<key>files</key>
			<array>
				<string>FA19C3031CB6735200DDB49B</string>
				<string>FA19C2FD1CB6618600DDB49B</string>
				<string>FAFFE4791CC60B48004C8FE6</string>
				<string>FA19C3091CB67A5900DDB49B</string>
				<string>FA08425B1CB76DD1006C68FE</string>
				<string>FAFFE4721CC60820004C8FE6</string>
				<string>FA19C2F61CB657B700DDB49B</string>
				<string>FAFFE4731CC60820004C8FE6</string>
				<string>FA031E6D1CC0C5BC00275D30</string>
				<string>FA19C3051CB6797500DDB49B</string>
				<string>FA19C2F71CB657B700DDB49B</string>
				<string>FA2236E41CB6510500737D60</string>
				<string>FA2236E11CB6510500737D60</string>
				<string>FA08425F1CB7BAB3006C68FE</string>
				<string>FAFFE4771CC60B48004C8FE6</string>
				<string>FA19C30B1CB67AE400DDB49B</string>
				<string>FA02C5CB1CC793EA00C79B40</string>
				<string>FA19C2FA1CB65C4100DDB49B</string>
				<string>FA2236DC1CB6510500737D60</string>
				<string>FAFFE4781CC60B48004C8FE6</string>
				<string>FA031E731CC0E4B300275D30</string>
				<string>FAFFE47B1CC61717004C8FE6</string>
				<string>FA19C2FB1CB65C4100DDB49B</string>
				<string>FA08425D1CB7B3E8006C68FE</string>
				<string>FA031E711CC0C93E00275D30</string>
			</array>
			<key>isa</key>
			<string>PBXResourcesBuildPhase</string>
			<key>runOnlyForDeploymentPostprocessing</key>
			<string>0</string>
		</dict>
		<key>FA2236D21CB6510500737D60</key>
		<dict>
			<key>buildConfigurationList</key>
			<string>FA2236E81CB6510500737D60</string>
			<key>buildPhases</key>
			<array>
				<string>E5299550EE73E371AFE2ADB3</string>
				<string>FA2236CF1CB6510500737D60</string>
				<string>FA2236D01CB6510500737D60</string>
				<string>FA2236D11CB6510500737D60</string>
				<string>FA04DAE61CD1E3EC002C23BC</string>
				<string>15BB6A088EF81CE2FFE35A8C</string>
				<string>9CF803516070AF259BB53102</string>
			</array>
			<key>buildRules</key>
			<array/>
			<key>dependencies</key>
			<array/>
			<key>isa</key>
			<string>PBXNativeTarget</string>
			<key>name</key>
			<string>Filmily</string>
			<key>productName</key>
			<string>VideoApp</string>
			<key>productReference</key>
			<string>FA2236D31CB6510500737D60</string>
			<key>productType</key>
			<string>com.apple.product-type.application</string>
		</dict>
		<key>FA2236D31CB6510500737D60</key>
		<dict>
			<key>explicitFileType</key>
			<string>wrapper.application</string>
			<key>includeInIndex</key>
			<string>0</string>
			<key>isa</key>
			<string>PBXFileReference</string>
			<key>path</key>
			<string>Filmily.app</string>
			<key>sourceTree</key>
			<string>BUILT_PRODUCTS_DIR</string>
		</dict>
		<key>FA2236D41CB6510500737D60</key>
		<dict>
			<key>children</key>
			<array>
				<string>FA2236D31CB6510500737D60</string>
			</array>
			<key>isa</key>
			<string>PBXGroup</string>
			<key>name</key>
			<string>Products</string>
			<key>sourceTree</key>
			<string>&lt;group&gt;</string>
		</dict>
		<key>FA2236D51CB6510500737D60</key>
		<dict>
			<key>children</key>
			<array>
				<string>FA1951291CCF1F00007D734E</string>
				<string>FA1951281CCF1EC6007D734E</string>
				<string>FA2236D61CB6510500737D60</string>
				<string>FA2236EB1CB6527400737D60</string>
				<string>FA2236EC1CB6527A00737D60</string>
				<string>FA2236E01CB6510500737D60</string>
				<string>FA2236E51CB6510500737D60</string>
				<string>FA2236E21CB6510500737D60</string>
				<string>FA2236DA1CB6510500737D60</string>
				<string>FA2236DD1CB6510500737D60</string>
				<string>FA2236D81CB6510500737D60</string>
				<string>FA4738B41CC4C318009E2FB0</string>
				<string>FAFFE49A1CC624F7004C8FE6</string>
				<string>FAFFE49C1CC6324F004C8FE6</string>
				<string>FA4BF9141CC6844100E8B4C4</string>
				<string>FA02C5C21CC72B4800C79B40</string>
				<string>FA02C5C41CC7349000C79B40</string>
				<string>FA02C5CA1CC793EA00C79B40</string>
				<string>FA02C5CC1CC7946400C79B40</string>
				<string>FA02C5CE1CC8AEB300C79B40</string>
				<string>FA02C5D01CC8B8FA00C79B40</string>
				<string>FA02C5D21CC8B90B00C79B40</string>
				<string>FA02C6121CC8F2BD00C79B40</string>
				<string>FA19512A1CCF1FB6007D734E</string>
			</array>
			<key>isa</key>
			<string>PBXGroup</string>
			<key>path</key>
			<string>VideoApp</string>
			<key>sourceTree</key>
			<string>&lt;group&gt;</string>
		</dict>
		<key>FA2236D61CB6510500737D60</key>
		<dict>
			<key>isa</key>
			<string>PBXFileReference</string>
			<key>lastKnownFileType</key>
			<string>sourcecode.swift</string>
			<key>path</key>
			<string>AppDelegate.swift</string>
			<key>sourceTree</key>
			<string>&lt;group&gt;</string>
		</dict>
		<key>FA2236D71CB6510500737D60</key>
		<dict>
			<key>fileRef</key>
			<string>FA2236D61CB6510500737D60</string>
			<key>isa</key>
			<string>PBXBuildFile</string>
		</dict>
		<key>FA2236D81CB6510500737D60</key>
		<dict>
			<key>isa</key>
			<string>PBXFileReference</string>
			<key>lastKnownFileType</key>
			<string>sourcecode.swift</string>
			<key>path</key>
			<string>ViewController.swift</string>
			<key>sourceTree</key>
			<string>&lt;group&gt;</string>
		</dict>
		<key>FA2236D91CB6510500737D60</key>
		<dict>
			<key>fileRef</key>
			<string>FA2236D81CB6510500737D60</string>
			<key>isa</key>
			<string>PBXBuildFile</string>
		</dict>
		<key>FA2236DA1CB6510500737D60</key>
		<dict>
			<key>children</key>
			<array>
				<string>FA2236DB1CB6510500737D60</string>
			</array>
			<key>isa</key>
			<string>PBXVariantGroup</string>
			<key>name</key>
			<string>Main.storyboard</string>
			<key>sourceTree</key>
			<string>&lt;group&gt;</string>
		</dict>
		<key>FA2236DB1CB6510500737D60</key>
		<dict>
			<key>isa</key>
			<string>PBXFileReference</string>
			<key>lastKnownFileType</key>
			<string>file.storyboard</string>
			<key>name</key>
			<string>Base</string>
			<key>path</key>
			<string>Base.lproj/Main.storyboard</string>
			<key>sourceTree</key>
			<string>&lt;group&gt;</string>
		</dict>
		<key>FA2236DC1CB6510500737D60</key>
		<dict>
			<key>fileRef</key>
			<string>FA2236DA1CB6510500737D60</string>
			<key>isa</key>
			<string>PBXBuildFile</string>
		</dict>
		<key>FA2236DD1CB6510500737D60</key>
		<dict>
			<key>children</key>
			<array>
				<string>FA2236DE1CB6510500737D60</string>
			</array>
			<key>currentVersion</key>
			<string>FA2236DE1CB6510500737D60</string>
			<key>isa</key>
			<string>XCVersionGroup</string>
			<key>path</key>
			<string>VideoApp.xcdatamodeld</string>
			<key>sourceTree</key>
			<string>&lt;group&gt;</string>
			<key>versionGroupType</key>
			<string>wrapper.xcdatamodel</string>
		</dict>
		<key>FA2236DE1CB6510500737D60</key>
		<dict>
			<key>isa</key>
			<string>PBXFileReference</string>
			<key>lastKnownFileType</key>
			<string>wrapper.xcdatamodel</string>
			<key>path</key>
			<string>VideoApp.xcdatamodel</string>
			<key>sourceTree</key>
			<string>&lt;group&gt;</string>
		</dict>
		<key>FA2236DF1CB6510500737D60</key>
		<dict>
			<key>fileRef</key>
			<string>FA2236DD1CB6510500737D60</string>
			<key>isa</key>
			<string>PBXBuildFile</string>
		</dict>
		<key>FA2236E01CB6510500737D60</key>
		<dict>
			<key>isa</key>
			<string>PBXFileReference</string>
			<key>lastKnownFileType</key>
			<string>folder.assetcatalog</string>
			<key>path</key>
			<string>Assets.xcassets</string>
			<key>sourceTree</key>
			<string>&lt;group&gt;</string>
		</dict>
		<key>FA2236E11CB6510500737D60</key>
		<dict>
			<key>fileRef</key>
			<string>FA2236E01CB6510500737D60</string>
			<key>isa</key>
			<string>PBXBuildFile</string>
		</dict>
		<key>FA2236E21CB6510500737D60</key>
		<dict>
			<key>children</key>
			<array>
				<string>FA2236E31CB6510500737D60</string>
			</array>
			<key>isa</key>
			<string>PBXVariantGroup</string>
			<key>name</key>
			<string>LaunchScreen.storyboard</string>
			<key>sourceTree</key>
			<string>&lt;group&gt;</string>
		</dict>
		<key>FA2236E31CB6510500737D60</key>
		<dict>
			<key>isa</key>
			<string>PBXFileReference</string>
			<key>lastKnownFileType</key>
			<string>file.storyboard</string>
			<key>name</key>
			<string>Base</string>
			<key>path</key>
			<string>Base.lproj/LaunchScreen.storyboard</string>
			<key>sourceTree</key>
			<string>&lt;group&gt;</string>
		</dict>
		<key>FA2236E41CB6510500737D60</key>
		<dict>
			<key>fileRef</key>
			<string>FA2236E21CB6510500737D60</string>
			<key>isa</key>
			<string>PBXBuildFile</string>
		</dict>
		<key>FA2236E51CB6510500737D60</key>
		<dict>
			<key>isa</key>
			<string>PBXFileReference</string>
			<key>lastKnownFileType</key>
			<string>text.plist.xml</string>
			<key>path</key>
			<string>Info.plist</string>
			<key>sourceTree</key>
			<string>&lt;group&gt;</string>
		</dict>
		<key>FA2236E61CB6510500737D60</key>
		<dict>
			<key>buildSettings</key>
			<dict>
				<key>ALWAYS_SEARCH_USER_PATHS</key>
				<string>NO</string>
				<key>CLANG_ANALYZER_NONNULL</key>
				<string>YES</string>
				<key>CLANG_CXX_LANGUAGE_STANDARD</key>
				<string>gnu++0x</string>
				<key>CLANG_CXX_LIBRARY</key>
				<string>libc++</string>
				<key>CLANG_ENABLE_MODULES</key>
				<string>YES</string>
				<key>CLANG_ENABLE_OBJC_ARC</key>
				<string>YES</string>
				<key>CLANG_WARN_BOOL_CONVERSION</key>
				<string>YES</string>
				<key>CLANG_WARN_CONSTANT_CONVERSION</key>
				<string>YES</string>
				<key>CLANG_WARN_DIRECT_OBJC_ISA_USAGE</key>
				<string>YES_ERROR</string>
				<key>CLANG_WARN_EMPTY_BODY</key>
				<string>YES</string>
				<key>CLANG_WARN_ENUM_CONVERSION</key>
				<string>YES</string>
				<key>CLANG_WARN_INT_CONVERSION</key>
				<string>YES</string>
				<key>CLANG_WARN_OBJC_ROOT_CLASS</key>
				<string>YES_ERROR</string>
				<key>CLANG_WARN_UNREACHABLE_CODE</key>
				<string>YES</string>
				<key>CLANG_WARN__DUPLICATE_METHOD_MATCH</key>
				<string>YES</string>
				<key>CODE_SIGN_IDENTITY</key>
				<string>iPhone Distribution: Mohsen Rastizadeh (2B55EM2DGD)</string>
				<key>CODE_SIGN_IDENTITY[sdk=iphoneos*]</key>
				<string>iPhone Distribution: Mohsen Rastizadeh (2B55EM2DGD)</string>
				<key>COPY_PHASE_STRIP</key>
				<string>NO</string>
				<key>DEBUG_INFORMATION_FORMAT</key>
				<string>dwarf</string>
				<key>ENABLE_STRICT_OBJC_MSGSEND</key>
				<string>YES</string>
				<key>ENABLE_TESTABILITY</key>
				<string>YES</string>
				<key>GCC_C_LANGUAGE_STANDARD</key>
				<string>gnu99</string>
				<key>GCC_DYNAMIC_NO_PIC</key>
				<string>NO</string>
				<key>GCC_NO_COMMON_BLOCKS</key>
				<string>YES</string>
				<key>GCC_OPTIMIZATION_LEVEL</key>
				<string>0</string>
				<key>GCC_PREPROCESSOR_DEFINITIONS</key>
				<array>
					<string>DEBUG=1</string>
					<string>$(inherited)</string>
				</array>
				<key>GCC_WARN_64_TO_32_BIT_CONVERSION</key>
				<string>YES</string>
				<key>GCC_WARN_ABOUT_RETURN_TYPE</key>
				<string>YES_ERROR</string>
				<key>GCC_WARN_UNDECLARED_SELECTOR</key>
				<string>YES</string>
				<key>GCC_WARN_UNINITIALIZED_AUTOS</key>
				<string>YES_AGGRESSIVE</string>
				<key>GCC_WARN_UNUSED_FUNCTION</key>
				<string>YES</string>
				<key>GCC_WARN_UNUSED_VARIABLE</key>
				<string>YES</string>
				<key>IPHONEOS_DEPLOYMENT_TARGET</key>
				<string>9.3</string>
				<key>MTL_ENABLE_DEBUG_INFO</key>
				<string>YES</string>
				<key>ONLY_ACTIVE_ARCH</key>
				<string>YES</string>
				<key>PROVISIONING_PROFILE</key>
				<string>aa248a7d-6e35-4c25-a9d6-bf8d6d8361a8</string>
				<key>SDKROOT</key>
				<string>iphoneos</string>
				<key>SWIFT_OPTIMIZATION_LEVEL</key>
				<string>-Onone</string>
			</dict>
			<key>isa</key>
			<string>XCBuildConfiguration</string>
			<key>name</key>
			<string>Debug</string>
		</dict>
		<key>FA2236E71CB6510500737D60</key>
		<dict>
			<key>buildSettings</key>
			<dict>
				<key>ALWAYS_SEARCH_USER_PATHS</key>
				<string>NO</string>
				<key>CLANG_ANALYZER_NONNULL</key>
				<string>YES</string>
				<key>CLANG_CXX_LANGUAGE_STANDARD</key>
				<string>gnu++0x</string>
				<key>CLANG_CXX_LIBRARY</key>
				<string>libc++</string>
				<key>CLANG_ENABLE_MODULES</key>
				<string>YES</string>
				<key>CLANG_ENABLE_OBJC_ARC</key>
				<string>YES</string>
				<key>CLANG_WARN_BOOL_CONVERSION</key>
				<string>YES</string>
				<key>CLANG_WARN_CONSTANT_CONVERSION</key>
				<string>YES</string>
				<key>CLANG_WARN_DIRECT_OBJC_ISA_USAGE</key>
				<string>YES_ERROR</string>
				<key>CLANG_WARN_EMPTY_BODY</key>
				<string>YES</string>
				<key>CLANG_WARN_ENUM_CONVERSION</key>
				<string>YES</string>
				<key>CLANG_WARN_INT_CONVERSION</key>
				<string>YES</string>
				<key>CLANG_WARN_OBJC_ROOT_CLASS</key>
				<string>YES_ERROR</string>
				<key>CLANG_WARN_UNREACHABLE_CODE</key>
				<string>YES</string>
				<key>CLANG_WARN__DUPLICATE_METHOD_MATCH</key>
				<string>YES</string>
				<key>CODE_SIGN_IDENTITY</key>
				<string>iPhone Distribution: Mohsen Rastizadeh (2B55EM2DGD)</string>
				<key>CODE_SIGN_IDENTITY[sdk=iphoneos*]</key>
				<string>iPhone Distribution: Mohsen Rastizadeh (2B55EM2DGD)</string>
				<key>COPY_PHASE_STRIP</key>
				<string>NO</string>
				<key>DEBUG_INFORMATION_FORMAT</key>
				<string>dwarf-with-dsym</string>
				<key>ENABLE_NS_ASSERTIONS</key>
				<string>NO</string>
				<key>ENABLE_STRICT_OBJC_MSGSEND</key>
				<string>YES</string>
				<key>GCC_C_LANGUAGE_STANDARD</key>
				<string>gnu99</string>
				<key>GCC_NO_COMMON_BLOCKS</key>
				<string>YES</string>
				<key>GCC_WARN_64_TO_32_BIT_CONVERSION</key>
				<string>YES</string>
				<key>GCC_WARN_ABOUT_RETURN_TYPE</key>
				<string>YES_ERROR</string>
				<key>GCC_WARN_UNDECLARED_SELECTOR</key>
				<string>YES</string>
				<key>GCC_WARN_UNINITIALIZED_AUTOS</key>
				<string>YES_AGGRESSIVE</string>
				<key>GCC_WARN_UNUSED_FUNCTION</key>
				<string>YES</string>
				<key>GCC_WARN_UNUSED_VARIABLE</key>
				<string>YES</string>
				<key>IPHONEOS_DEPLOYMENT_TARGET</key>
				<string>9.3</string>
				<key>MTL_ENABLE_DEBUG_INFO</key>
				<string>NO</string>
				<key>PROVISIONING_PROFILE</key>
				<string>aa248a7d-6e35-4c25-a9d6-bf8d6d8361a8</string>
				<key>SDKROOT</key>
				<string>iphoneos</string>
				<key>VALIDATE_PRODUCT</key>
				<string>YES</string>
			</dict>
			<key>isa</key>
			<string>XCBuildConfiguration</string>
			<key>name</key>
			<string>Release</string>
		</dict>
		<key>FA2236E81CB6510500737D60</key>
		<dict>
			<key>buildConfigurations</key>
			<array>
				<string>FA2236E91CB6510500737D60</string>
				<string>FA2236EA1CB6510500737D60</string>
			</array>
			<key>defaultConfigurationIsVisible</key>
			<string>0</string>
			<key>defaultConfigurationName</key>
			<string>Release</string>
			<key>isa</key>
			<string>XCConfigurationList</string>
		</dict>
		<key>FA2236E91CB6510500737D60</key>
		<dict>
			<key>baseConfigurationReference</key>
			<string>5DC58708FCC28F955F2B0557</string>
			<key>buildSettings</key>
			<dict>
				<key>ASSETCATALOG_COMPILER_APPICON_NAME</key>
				<string>AppIcon</string>
				<key>ASSETCATALOG_COMPILER_LAUNCHIMAGE_NAME</key>
				<string>Brand Assets</string>
				<key>CODE_SIGN_IDENTITY</key>
				<string>iPhone Developer: vinh nguyen (4M6KAXWH59)</string>
				<key>CODE_SIGN_IDENTITY[sdk=iphoneos*]</key>
				<string>iPhone Developer: vinh nguyen (4M6KAXWH59)</string>
				<key>EMBEDDED_CONTENT_CONTAINS_SWIFT</key>
				<string>YES</string>
				<key>INFOPLIST_FILE</key>
				<string>VideoApp/Info.plist</string>
				<key>IPHONEOS_DEPLOYMENT_TARGET</key>
				<string>7.0</string>
				<key>LD_RUNPATH_SEARCH_PATHS</key>
				<string>$(inherited) @executable_path/Frameworks</string>
				<key>PRODUCT_BUNDLE_IDENTIFIER</key>
				<string>com.moe.filmify</string>
				<key>PRODUCT_NAME</key>
				<string>$(TARGET_NAME)</string>
				<key>PROVISIONING_PROFILE</key>
				<string>aa248a7d-6e35-4c25-a9d6-bf8d6d8361a8</string>
			</dict>
			<key>isa</key>
			<string>XCBuildConfiguration</string>
			<key>name</key>
			<string>Debug</string>
		</dict>
		<key>FA2236EA1CB6510500737D60</key>
		<dict>
			<key>baseConfigurationReference</key>
			<string>24D6E66BBE376BCD60E12D5D</string>
			<key>buildSettings</key>
			<dict>
				<key>ASSETCATALOG_COMPILER_APPICON_NAME</key>
				<string>AppIcon</string>
				<key>ASSETCATALOG_COMPILER_LAUNCHIMAGE_NAME</key>
				<string>Brand Assets</string>
				<key>CODE_SIGN_IDENTITY</key>
				<string>iPhone Developer: vinh nguyen (4M6KAXWH59)</string>
				<key>CODE_SIGN_IDENTITY[sdk=iphoneos*]</key>
				<string>iPhone Developer: vinh nguyen (4M6KAXWH59)</string>
				<key>EMBEDDED_CONTENT_CONTAINS_SWIFT</key>
				<string>YES</string>
				<key>INFOPLIST_FILE</key>
				<string>VideoApp/Info.plist</string>
				<key>IPHONEOS_DEPLOYMENT_TARGET</key>
				<string>7.0</string>
				<key>LD_RUNPATH_SEARCH_PATHS</key>
				<string>$(inherited) @executable_path/Frameworks</string>
				<key>PRODUCT_BUNDLE_IDENTIFIER</key>
				<string>com.moe.filmify</string>
				<key>PRODUCT_NAME</key>
				<string>$(TARGET_NAME)</string>
				<key>PROVISIONING_PROFILE</key>
				<string>aa248a7d-6e35-4c25-a9d6-bf8d6d8361a8</string>
			</dict>
			<key>isa</key>
			<string>XCBuildConfiguration</string>
			<key>name</key>
			<string>Release</string>
		</dict>
		<key>FA2236EB1CB6527400737D60</key>
		<dict>
			<key>isa</key>
			<string>PBXFileReference</string>
			<key>lastKnownFileType</key>
			<string>file</string>
			<key>path</key>
			<string>Amatic-Bold.ttf</string>
			<key>sourceTree</key>
			<string>&lt;group&gt;</string>
		</dict>
		<key>FA2236EC1CB6527A00737D60</key>
		<dict>
			<key>isa</key>
			<string>PBXFileReference</string>
			<key>lastKnownFileType</key>
			<string>file</string>
			<key>path</key>
			<string>AmaticSC-Regular.ttf</string>
			<key>sourceTree</key>
			<string>&lt;group&gt;</string>
		</dict>
		<key>FA4738B21CC4C2D9009E2FB0</key>
		<dict>
			<key>isa</key>
			<string>PBXFileReference</string>
			<key>lastKnownFileType</key>
			<string>wrapper.framework</string>
			<key>name</key>
			<string>MediaPlayer.framework</string>
			<key>path</key>
			<string>System/Library/Frameworks/MediaPlayer.framework</string>
			<key>sourceTree</key>
			<string>SDKROOT</string>
		</dict>
		<key>FA4738B41CC4C318009E2FB0</key>
		<dict>
			<key>fileEncoding</key>
			<string>4</string>
			<key>isa</key>
			<string>PBXFileReference</string>
			<key>lastKnownFileType</key>
			<string>sourcecode.swift</string>
			<key>path</key>
			<string>vcResult.swift</string>
			<key>sourceTree</key>
			<string>&lt;group&gt;</string>
		</dict>
		<key>FA4738B51CC4C318009E2FB0</key>
		<dict>
			<key>fileRef</key>
			<string>FA4738B41CC4C318009E2FB0</string>
			<key>isa</key>
			<string>PBXBuildFile</string>
		</dict>
		<key>FA4BF9141CC6844100E8B4C4</key>
		<dict>
			<key>fileEncoding</key>
			<string>4</string>
			<key>isa</key>
			<string>PBXFileReference</string>
			<key>lastKnownFileType</key>
			<string>sourcecode.swift</string>
			<key>path</key>
			<string>vcWatchLaterList.swift</string>
			<key>sourceTree</key>
			<string>&lt;group&gt;</string>
		</dict>
		<key>FA4BF9151CC6844100E8B4C4</key>
		<dict>
			<key>fileRef</key>
			<string>FA4BF9141CC6844100E8B4C4</string>
			<key>isa</key>
			<string>PBXBuildFile</string>
		</dict>
		<key>FA5F0D631CBE54D0007FE99F</key>
		<dict>
			<key>isa</key>
			<string>PBXFileReference</string>
			<key>lastKnownFileType</key>
			<string>file</string>
			<key>path</key>
			<string>video.mp4</string>
			<key>sourceTree</key>
			<string>&lt;group&gt;</string>
		</dict>
		<key>FAFFE4701CC60820004C8FE6</key>
		<dict>
			<key>isa</key>
			<string>PBXFileReference</string>
			<key>lastKnownFileType</key>
			<string>image.png</string>
			<key>path</key>
			<string>watch_later.png</string>
			<key>sourceTree</key>
			<string>&lt;group&gt;</string>
		</dict>
		<key>FAFFE4711CC60820004C8FE6</key>
		<dict>
			<key>isa</key>
			<string>PBXFileReference</string>
			<key>lastKnownFileType</key>
			<string>image.png</string>
			<key>path</key>
			<string>watched.png</string>
			<key>sourceTree</key>
			<string>&lt;group&gt;</string>
		</dict>
		<key>FAFFE4721CC60820004C8FE6</key>
		<dict>
			<key>fileRef</key>
			<string>FAFFE4701CC60820004C8FE6</string>
			<key>isa</key>
			<string>PBXBuildFile</string>
		</dict>
		<key>FAFFE4731CC60820004C8FE6</key>
		<dict>
			<key>fileRef</key>
			<string>FAFFE4711CC60820004C8FE6</string>
			<key>isa</key>
			<string>PBXBuildFile</string>
		</dict>
		<key>FAFFE4741CC60B48004C8FE6</key>
		<dict>
			<key>isa</key>
			<string>PBXFileReference</string>
			<key>lastKnownFileType</key>
			<string>image.png</string>
			<key>path</key>
			<string>social-media-2.png</string>
			<key>sourceTree</key>
			<string>&lt;group&gt;</string>
		</dict>
		<key>FAFFE4751CC60B48004C8FE6</key>
		<dict>
			<key>isa</key>
			<string>PBXFileReference</string>
			<key>lastKnownFileType</key>
			<string>image.png</string>
			<key>path</key>
			<string>social-media-3.png</string>
			<key>sourceTree</key>
			<string>&lt;group&gt;</string>
		</dict>
		<key>FAFFE4761CC60B48004C8FE6</key>
		<dict>
			<key>isa</key>
			<string>PBXFileReference</string>
			<key>lastKnownFileType</key>
			<string>image.png</string>
			<key>path</key>
			<string>social-media.png</string>
			<key>sourceTree</key>
			<string>&lt;group&gt;</string>
		</dict>
		<key>FAFFE4771CC60B48004C8FE6</key>
		<dict>
			<key>fileRef</key>
			<string>FAFFE4741CC60B48004C8FE6</string>
			<key>isa</key>
			<string>PBXBuildFile</string>
		</dict>
		<key>FAFFE4781CC60B48004C8FE6</key>
		<dict>
			<key>fileRef</key>
			<string>FAFFE4751CC60B48004C8FE6</string>
			<key>isa</key>
			<string>PBXBuildFile</string>
		</dict>
		<key>FAFFE4791CC60B48004C8FE6</key>
		<dict>
			<key>fileRef</key>
			<string>FAFFE4761CC60B48004C8FE6</string>
			<key>isa</key>
			<string>PBXBuildFile</string>
		</dict>
		<key>FAFFE47A1CC61717004C8FE6</key>
		<dict>
			<key>isa</key>
			<string>PBXFileReference</string>
			<key>lastKnownFileType</key>
			<string>image.png</string>
			<key>path</key>
			<string>back.png</string>
			<key>sourceTree</key>
			<string>&lt;group&gt;</string>
		</dict>
		<key>FAFFE47B1CC61717004C8FE6</key>
		<dict>
			<key>fileRef</key>
			<string>FAFFE47A1CC61717004C8FE6</string>
			<key>isa</key>
			<string>PBXBuildFile</string>
		</dict>
		<key>FAFFE49A1CC624F7004C8FE6</key>
		<dict>
			<key>fileEncoding</key>
			<string>4</string>
			<key>isa</key>
			<string>PBXFileReference</string>
			<key>lastKnownFileType</key>
			<string>sourcecode.swift</string>
			<key>path</key>
			<string>vcWachedList.swift</string>
			<key>sourceTree</key>
			<string>&lt;group&gt;</string>
		</dict>
		<key>FAFFE49B1CC624F7004C8FE6</key>
		<dict>
			<key>fileRef</key>
			<string>FAFFE49A1CC624F7004C8FE6</string>
			<key>isa</key>
			<string>PBXBuildFile</string>
		</dict>
		<key>FAFFE49C1CC6324F004C8FE6</key>
		<dict>
			<key>fileEncoding</key>
			<string>4</string>
			<key>isa</key>
			<string>PBXFileReference</string>
			<key>lastKnownFileType</key>
			<string>sourcecode.swift</string>
			<key>path</key>
			<string>vcStart.swift</string>
			<key>sourceTree</key>
			<string>&lt;group&gt;</string>
		</dict>
		<key>FAFFE49D1CC6324F004C8FE6</key>
		<dict>
			<key>fileRef</key>
			<string>FAFFE49C1CC6324F004C8FE6</string>
			<key>isa</key>
			<string>PBXBuildFile</string>
		</dict>
	</dict>
	<key>rootObject</key>
	<string>FA2236CB1CB6510500737D60</string>
</dict>
</plist>
